
Microsoft Visual Studio Solution File, Format Version 12.00
# Visual Studio Version 17
VisualStudioVersion = 17.0.32112.339
MinimumVisualStudioVersion = 10.0.40219.1
Project("{FAE04EC0-301F-11D3-BF4B-00C04F79EFBC}") = "Mumble", "Mumble\Mumble.csproj", "{642C400A-1B63-4490-831D-375A1321D29D}"
EndProject
Project("{FAE04EC0-301F-11D3-BF4B-00C04F79EFBC}") = "Muble_Tests", "Muble_Tests\Muble_Tests.csproj", "{4B394096-20CF-4100-82AA-34317B47B030}"
EndProject
Global
	GlobalSection(SolutionConfigurationPlatforms) = preSolution
		Debug|Any CPU = Debug|Any CPU
		Release|Any CPU = Release|Any CPU
	EndGlobalSection
	GlobalSection(ProjectConfigurationPlatforms) = postSolution
		{642C400A-1B63-4490-831D-375A1321D29D}.Debug|Any CPU.ActiveCfg = Debug|Any CPU
		{642C400A-1B63-4490-831D-375A1321D29D}.Debug|Any CPU.Build.0 = Debug|Any CPU
		{642C400A-1B63-4490-831D-375A1321D29D}.Release|Any CPU.ActiveCfg = Release|Any CPU
		{642C400A-1B63-4490-831D-375A1321D29D}.Release|Any CPU.Build.0 = Release|Any CPU
		{4B394096-20CF-4100-82AA-34317B47B030}.Debug|Any CPU.ActiveCfg = Debug|Any CPU
		{4B394096-20CF-4100-82AA-34317B47B030}.Debug|Any CPU.Build.0 = Debug|Any CPU
		{4B394096-20CF-4100-82AA-34317B47B030}.Release|Any CPU.ActiveCfg = Release|Any CPU
		{4B394096-20CF-4100-82AA-34317B47B030}.Release|Any CPU.Build.0 = Release|Any CPU
	EndGlobalSection
	GlobalSection(SolutionProperties) = preSolution
		HideSolutionNode = FALSE
	EndGlobalSection
	GlobalSection(ExtensibilityGlobals) = postSolution
		SolutionGuid = {9C816FE4-ABE1-4870-93C1-E7ECA0700177}
	EndGlobalSection
EndGlobal
